
Microsoft Visual Studio Solution File, Format Version 12.00
# Visual Studio Version 16
VisualStudioVersion = 16.0.29806.167
MinimumVisualStudioVersion = 10.0.40219.1
Project("{8BC9CEB8-8B4A-11D0-8D11-00A0C91BC942}") = "DLLInjection", "DLLInjection.vcxproj", "{8A8D8D17-2F0D-4837-997F-A09A9C75B9D7}"
EndProject
Global
	GlobalSection(SolutionConfigurationPlatforms) = preSolution
		Debug|x64 = Debug|x64
		Debug|x86 = Debug|x86
		Release|x64 = Release|x64
		Release|x86 = Release|x86
	EndGlobalSection
	GlobalSection(ProjectConfigurationPlatforms) = postSolution
		{8A8D8D17-2F0D-4837-997F-A09A9C75B9D7}.Debug|x64.ActiveCfg = Debug|x64
		{8A8D8D17-2F0D-4837-997F-A09A9C75B9D7}.Debug|x64.Build.0 = Debug|x64
		{8A8D8D17-2F0D-4837-997F-A09A9C75B9D7}.Debug|x86.ActiveCfg = Debug|Win32
		{8A8D8D17-2F0D-4837-997F-A09A9C75B9D7}.Debug|x86.Build.0 = Debug|Win32
		{8A8D8D17-2F0D-4837-997F-A09A9C75B9D7}.Release|x64.ActiveCfg = Release|x64
		{8A8D8D17-2F0D-4837-997F-A09A9C75B9D7}.Release|x64.Build.0 = Release|x64
		{8A8D8D17-2F0D-4837-997F-A09A9C75B9D7}.Release|x86.ActiveCfg = Release|Win32
		{8A8D8D17-2F0D-4837-997F-A09A9C75B9D7}.Release|x86.Build.0 = Release|Win32
	EndGlobalSection
	GlobalSection(SolutionProperties) = preSolution
		HideSolutionNode = FALSE
	EndGlobalSection
	GlobalSection(ExtensibilityGlobals) = postSolution
		SolutionGuid = {B76E8F9C-74E9-4CF2-875F-8CA13E5E56BA}
	EndGlobalSection
EndGlobal
